// !$*UTF8*$!
{
	archiveVersion = 1;
	classes = {
	};
	objectVersion = 46;
	objects = {

/* Begin PBXBuildFile section */
		7380ED7C1CA385F10095F51E /* AppDelegate.swift in Sources */ = {isa = PBXBuildFile; fileRef = 7380ED7B1CA385F10095F51E /* AppDelegate.swift */; };
		7380ED7E1CA385F10095F51E /* ViewController.swift in Sources */ = {isa = PBXBuildFile; fileRef = 7380ED7D1CA385F10095F51E /* ViewController.swift */; };
		7380ED811CA385F10095F51E /* Main.storyboard in Resources */ = {isa = PBXBuildFile; fileRef = 7380ED7F1CA385F10095F51E /* Main.storyboard */; };
		7380ED831CA385F10095F51E /* Assets.xcassets in Resources */ = {isa = PBXBuildFile; fileRef = 7380ED821CA385F10095F51E /* Assets.xcassets */; };
		7380ED861CA385F10095F51E /* LaunchScreen.storyboard in Resources */ = {isa = PBXBuildFile; fileRef = 7380ED841CA385F10095F51E /* LaunchScreen.storyboard */; };
		7380ED8E1CA3862E0095F51E /* Contacts.swift in Sources */ = {isa = PBXBuildFile; fileRef = 7380ED8D1CA3862E0095F51E /* Contacts.swift */; };
		7380ED901CA386430095F51E /* json-contacts.js in Resources */ = {isa = PBXBuildFile; fileRef = 7380ED8F1CA386430095F51E /* json-contacts.js */; };
		739D5AB41CA84182002C4934 /* AddNewContactViewController.swift in Sources */ = {isa = PBXBuildFile; fileRef = 739D5AB31CA84182002C4934 /* AddNewContactViewController.swift */; };
		73F1689D1CBB1D2B00A3A330 /* ContactsTableViewController.swift in Sources */ = {isa = PBXBuildFile; fileRef = 73F1689C1CBB1D2B00A3A330 /* ContactsTableViewController.swift */; };
		73F168A11CBB3B1300A3A330 /* 1000_contacts.js in Resources */ = {isa = PBXBuildFile; fileRef = 73F168A01CBB3B1300A3A330 /* 1000_contacts.js */; };
/* End PBXBuildFile section */

/* Begin PBXFileReference section */
		7380ED781CA385F10095F51E /* JSON Contacts 2.app */ = {isa = PBXFileReference; explicitFileType = wrapper.application; includeInIndex = 0; path = "JSON Contacts 2.app"; sourceTree = BUILT_PRODUCTS_DIR; };
		7380ED7B1CA385F10095F51E /* AppDelegate.swift */ = {isa = PBXFileReference; lastKnownFileType = sourcecode.swift; path = AppDelegate.swift; sourceTree = "<group>"; };
		7380ED7D1CA385F10095F51E /* ViewController.swift */ = {isa = PBXFileReference; lastKnownFileType = sourcecode.swift; path = ViewController.swift; sourceTree = "<group>"; };
		7380ED801CA385F10095F51E /* Base */ = {isa = PBXFileReference; lastKnownFileType = file.storyboard; name = Base; path = Base.lproj/Main.storyboard; sourceTree = "<group>"; };
		7380ED821CA385F10095F51E /* Assets.xcassets */ = {isa = PBXFileReference; lastKnownFileType = folder.assetcatalog; path = Assets.xcassets; sourceTree = "<group>"; };
		7380ED851CA385F10095F51E /* Base */ = {isa = PBXFileReference; lastKnownFileType = file.storyboard; name = Base; path = Base.lproj/LaunchScreen.storyboard; sourceTree = "<group>"; xcLanguageSpecificationIdentifier = xcode.lang.swift; };
		7380ED871CA385F10095F51E /* Info.plist */ = {isa = PBXFileReference; lastKnownFileType = text.plist.xml; path = Info.plist; sourceTree = "<group>"; };
		7380ED8D1CA3862E0095F51E /* Contacts.swift */ = {isa = PBXFileReference; fileEncoding = 4; lastKnownFileType = sourcecode.swift; path = Contacts.swift; sourceTree = "<group>"; };
		7380ED8F1CA386430095F51E /* json-contacts.js */ = {isa = PBXFileReference; fileEncoding = 4; lastKnownFileType = sourcecode.javascript; path = "json-contacts.js"; sourceTree = "<group>"; };
		739D5AB31CA84182002C4934 /* AddNewContactViewController.swift */ = {isa = PBXFileReference; fileEncoding = 4; lastKnownFileType = sourcecode.swift; path = AddNewContactViewController.swift; sourceTree = "<group>"; };
		73F1689C1CBB1D2B00A3A330 /* ContactsTableViewController.swift */ = {isa = PBXFileReference; fileEncoding = 4; lastKnownFileType = sourcecode.swift; path = ContactsTableViewController.swift; sourceTree = SOURCE_ROOT; };
		73F168A01CBB3B1300A3A330 /* 1000_contacts.js */ = {isa = PBXFileReference; fileEncoding = 4; lastKnownFileType = sourcecode.javascript; path = 1000_contacts.js; sourceTree = "<group>"; };
/* End PBXFileReference section */

/* Begin PBXFrameworksBuildPhase section */
		7380ED751CA385F10095F51E /* Frameworks */ = {
			isa = PBXFrameworksBuildPhase;
			buildActionMask = 2147483647;
			files = (
			);
			runOnlyForDeploymentPostprocessing = 0;
		};
/* End PBXFrameworksBuildPhase section */

/* Begin PBXGroup section */
		7380ED6F1CA385F10095F51E = {
			isa = PBXGroup;
			children = (
				7380ED7A1CA385F10095F51E /* JSON Contacts 2 */,
				7380ED791CA385F10095F51E /* Products */,
			);
			sourceTree = "<group>";
		};
		7380ED791CA385F10095F51E /* Products */ = {
			isa = PBXGroup;
			children = (
				7380ED781CA385F10095F51E /* JSON Contacts 2.app */,
			);
			name = Products;
			sourceTree = "<group>";
		};
		7380ED7A1CA385F10095F51E /* JSON Contacts 2 */ = {
			isa = PBXGroup;
			children = (
				7380ED7B1CA385F10095F51E /* AppDelegate.swift */,
				7380ED7D1CA385F10095F51E /* ViewController.swift */,
				73F1689C1CBB1D2B00A3A330 /* ContactsTableViewController.swift */,
				739D5AB31CA84182002C4934 /* AddNewContactViewController.swift */,
				7380ED8D1CA3862E0095F51E /* Contacts.swift */,
				7380ED7F1CA385F10095F51E /* Main.storyboard */,
				7380ED821CA385F10095F51E /* Assets.xcassets */,
				7380ED841CA385F10095F51E /* LaunchScreen.storyboard */,
				7380ED8F1CA386430095F51E /* json-contacts.js */,
				73F168A01CBB3B1300A3A330 /* 1000_contacts.js */,
				7380ED871CA385F10095F51E /* Info.plist */,
			);
			path = "JSON Contacts 2";
			sourceTree = "<group>";
		};
/* End PBXGroup section */

/* Begin PBXNativeTarget section */
		7380ED771CA385F10095F51E /* JSON Contacts 2 */ = {
			isa = PBXNativeTarget;
			buildConfigurationList = 7380ED8A1CA385F10095F51E /* Build configuration list for PBXNativeTarget "JSON Contacts 2" */;
			buildPhases = (
				7380ED741CA385F10095F51E /* Sources */,
				7380ED751CA385F10095F51E /* Frameworks */,
				7380ED761CA385F10095F51E /* Resources */,
			);
			buildRules = (
			);
			dependencies = (
			);
			name = "JSON Contacts 2";
			productName = "JSON Contacts 2";
			productReference = 7380ED781CA385F10095F51E /* JSON Contacts 2.app */;
			productType = "com.apple.product-type.application";
		};
/* End PBXNativeTarget section */

/* Begin PBXProject section */
		7380ED701CA385F10095F51E /* Project object */ = {
			isa = PBXProject;
			attributes = {
				LastSwiftUpdateCheck = 0720;
				LastUpgradeCheck = 0720;
				ORGANIZATIONNAME = "Hani Elabed";
				TargetAttributes = {
					7380ED771CA385F10095F51E = {
						CreatedOnToolsVersion = 7.2.1;
					};
				};
			};
			buildConfigurationList = 7380ED731CA385F10095F51E /* Build configuration list for PBXProject "JSON Contacts 2" */;
			compatibilityVersion = "Xcode 3.2";
			developmentRegion = English;
			hasScannedForEncodings = 0;
			knownRegions = (
				en,
				Base,
			);
			mainGroup = 7380ED6F1CA385F10095F51E;
			productRefGroup = 7380ED791CA385F10095F51E /* Products */;
			projectDirPath = "";
			projectRoot = "";
			targets = (
				7380ED771CA385F10095F51E /* JSON Contacts 2 */,
			);
		};
/* End PBXProject section */

/* Begin PBXResourcesBuildPhase section */
		7380ED761CA385F10095F51E /* Resources */ = {
			isa = PBXResourcesBuildPhase;
			buildActionMask = 2147483647;
			files = (
				73F168A11CBB3B1300A3A330 /* 1000_contacts.js in Resources */,
				7380ED861CA385F10095F51E /* LaunchScreen.storyboard in Resources */,
				7380ED901CA386430095F51E /* json-contacts.js in Resources */,
				7380ED831CA385F10095F51E /* Assets.xcassets in Resources */,
				7380ED811CA385F10095F51E /* Main.storyboard in Resources */,
			);
			runOnlyForDeploymentPostprocessing = 0;
		};
/* End PBXResourcesBuildPhase section */

/* Begin PBXSourcesBuildPhase section */
		7380ED741CA385F10095F51E /* Sources */ = {
			isa = PBXSourcesBuildPhase;
			buildActionMask = 2147483647;
			files = (
				7380ED7E1CA385F10095F51E /* ViewController.swift in Sources */,
				7380ED7C1CA385F10095F51E /* AppDelegate.swift in Sources */,
				73F1689D1CBB1D2B00A3A330 /* ContactsTableViewController.swift in Sources */,
				739D5AB41CA84182002C4934 /* AddNewContactViewController.swift in Sources */,
				7380ED8E1CA3862E0095F51E /* Contacts.swift in Sources */,
			);
			runOnlyForDeploymentPostprocessing = 0;
		};
/* End PBXSourcesBuildPhase section */

/* Begin PBXVariantGroup section */
		7380ED7F1CA385F10095F51E /* Main.storyboard */ = {
			isa = PBXVariantGroup;
			children = (
				7380ED801CA385F10095F51E /* Base */,
			);
			name = Main.storyboard;
			sourceTree = "<group>";
		};
		7380ED841CA385F10095F51E /* LaunchScreen.storyboard */ = {
			isa = PBXVariantGroup;
			children = (
				7380ED851CA385F10095F51E /* Base */,
			);
			name = LaunchScreen.storyboard;
			sourceTree = "<group>";
		};
/* End PBXVariantGroup section */

/* Begin XCBuildConfiguration section */
		7380ED881CA385F10095F51E /* Debug */ = {
			isa = XCBuildConfiguration;
			buildSettings = {
				ALWAYS_SEARCH_USER_PATHS = NO;
				CLANG_CXX_LANGUAGE_STANDARD = "gnu++0x";
				CLANG_CXX_LIBRARY = "libc++";
				CLANG_ENABLE_MODULES = YES;
				CLANG_ENABLE_OBJC_ARC = YES;
				CLANG_WARN_BOOL_CONVERSION = YES;
				CLANG_WARN_CONSTANT_CONVERSION = YES;
				CLANG_WARN_DIRECT_OBJC_ISA_USAGE = YES_ERROR;
				CLANG_WARN_EMPTY_BODY = YES;
				CLANG_WARN_ENUM_CONVERSION = YES;
				CLANG_WARN_INT_CONVERSION = YES;
				CLANG_WARN_OBJC_ROOT_CLASS = YES_ERROR;
				CLANG_WARN_UNREACHABLE_CODE = YES;
				CLANG_WARN__DUPLICATE_METHOD_MATCH = YES;
				"CODE_SIGN_IDENTITY[sdk=iphoneos*]" = "iPhone Developer";
				COPY_PHASE_STRIP = NO;
				DEBUG_INFORMATION_FORMAT = dwarf;
				ENABLE_STRICT_OBJC_MSGSEND = YES;
				ENABLE_TESTABILITY = YES;
				GCC_C_LANGUAGE_STANDARD = gnu99;
				GCC_DYNAMIC_NO_PIC = NO;
				GCC_NO_COMMON_BLOCKS = YES;
				GCC_OPTIMIZATION_LEVEL = 0;
				GCC_PREPROCESSOR_DEFINITIONS = (
					"DEBUG=1",
					"$(inherited)",
				);
				GCC_WARN_64_TO_32_BIT_CONVERSION = YES;
				GCC_WARN_ABOUT_RETURN_TYPE = YES_ERROR;
				GCC_WARN_UNDECLARED_SELECTOR = YES;
				GCC_WARN_UNINITIALIZED_AUTOS = YES_AGGRESSIVE;
				GCC_WARN_UNUSED_FUNCTION = YES;
				GCC_WARN_UNUSED_VARIABLE = YES;
				IPHONEOS_DEPLOYMENT_TARGET = 9.2;
				MTL_ENABLE_DEBUG_INFO = YES;
				ONLY_ACTIVE_ARCH = YES;
				SDKROOT = iphoneos;
				SWIFT_OPTIMIZATION_LEVEL = "-Onone";
			};
			name = Debug;
		};
		7380ED891CA385F10095F51E /* Release */ = {
			isa = XCBuildConfiguration;
			buildSettings = {
				ALWAYS_SEARCH_USER_PATHS = NO;
				CLANG_CXX_LANGUAGE_STANDARD = "gnu++0x";
				CLANG_CXX_LIBRARY = "libc++";
				CLANG_ENABLE_MODULES = YES;
				CLANG_ENABLE_OBJC_ARC = YES;
				CLANG_WARN_BOOL_CONVERSION = YES;
				CLANG_WARN_CONSTANT_CONVERSION = YES;
				CLANG_WARN_DIRECT_OBJC_ISA_USAGE = YES_ERROR;
				CLANG_WARN_EMPTY_BODY = YES;
				CLANG_WARN_ENUM_CONVERSION = YES;
				CLANG_WARN_INT_CONVERSION = YES;
				CLANG_WARN_OBJC_ROOT_CLASS = YES_ERROR;
				CLANG_WARN_UNREACHABLE_CODE = YES;
				CLANG_WARN__DUPLICATE_METHOD_MATCH = YES;
				"CODE_SIGN_IDENTITY[sdk=iphoneos*]" = "iPhone Developer";
				COPY_PHASE_STRIP = NO;
				DEBUG_INFORMATION_FORMAT = "dwarf-with-dsym";
				ENABLE_NS_ASSERTIONS = NO;
				ENABLE_STRICT_OBJC_MSGSEND = YES;
				GCC_C_LANGUAGE_STANDARD = gnu99;
				GCC_NO_COMMON_BLOCKS = YES;
				GCC_WARN_64_TO_32_BIT_CONVERSION = YES;
				GCC_WARN_ABOUT_RETURN_TYPE = YES_ERROR;
				GCC_WARN_UNDECLARED_SELECTOR = YES;
				GCC_WARN_UNINITIALIZED_AUTOS = YES_AGGRESSIVE;
				GCC_WARN_UNUSED_FUNCTION = YES;
				GCC_WARN_UNUSED_VARIABLE = YES;
				IPHONEOS_DEPLOYMENT_TARGET = 9.2;
				MTL_ENABLE_DEBUG_INFO = NO;
				SDKROOT = iphoneos;
				VALIDATE_PRODUCT = YES;
			};
			name = Release;
		};
		7380ED8B1CA385F10095F51E /* Debug */ = {
			isa = XCBuildConfiguration;
			buildSettings = {
				ASSETCATALOG_COMPILER_APPICON_NAME = AppIcon;
				INFOPLIST_FILE = "JSON Contacts 2/Info.plist";
				LD_RUNPATH_SEARCH_PATHS = "$(inherited) @executable_path/Frameworks";
				PRODUCT_BUNDLE_IDENTIFIER = "net.elabed.JSON-Contacts-2";
				PRODUCT_NAME = "$(TARGET_NAME)";
			};
			name = Debug;
		};
		7380ED8C1CA385F10095F51E /* Release */ = {
			isa = XCBuildConfiguration;
			buildSettings = {
				ASSETCATALOG_COMPILER_APPICON_NAME = AppIcon;
				INFOPLIST_FILE = "JSON Contacts 2/Info.plist";
				LD_RUNPATH_SEARCH_PATHS = "$(inherited) @executable_path/Frameworks";
				PRODUCT_BUNDLE_IDENTIFIER = "net.elabed.JSON-Contacts-2";
				PRODUCT_NAME = "$(TARGET_NAME)";
			};
			name = Release;
		};
/* End XCBuildConfiguration section */

/* Begin XCConfigurationList section */
		7380ED731CA385F10095F51E /* Build configuration list for PBXProject "JSON Contacts 2" */ = {
			isa = XCConfigurationList;
			buildConfigurations = (
				7380ED881CA385F10095F51E /* Debug */,
				7380ED891CA385F10095F51E /* Release */,
			);
			defaultConfigurationIsVisible = 0;
			defaultConfigurationName = Release;
		};
		7380ED8A1CA385F10095F51E /* Build configuration list for PBXNativeTarget "JSON Contacts 2" */ = {
			isa = XCConfigurationList;
			buildConfigurations = (
				7380ED8B1CA385F10095F51E /* Debug */,
				7380ED8C1CA385F10095F51E /* Release */,
			);
			defaultConfigurationIsVisible = 0;
			defaultConfigurationName = Release;
		};
/* End XCConfigurationList section */
	};
	rootObject = 7380ED701CA385F10095F51E /* Project object */;
}
